// !$*UTF8*$!
{
	archiveVersion = 1;
	classes = {
	};
	objectVersion = 50;
	objects = {

/* Begin PBXBuildFile section */
		B37BE1EB242667160056EB60 /* AppDelegate.swift in Sources */ = {isa = PBXBuildFile; fileRef = B37BE1EA242667160056EB60 /* AppDelegate.swift */; };
		B37BE1ED242667160056EB60 /* SceneDelegate.swift in Sources */ = {isa = PBXBuildFile; fileRef = B37BE1EC242667160056EB60 /* SceneDelegate.swift */; };
		B37BE1EF242667160056EB60 /* ContentView.swift in Sources */ = {isa = PBXBuildFile; fileRef = B37BE1EE242667160056EB60 /* ContentView.swift */; };
		B37BE1F1242667180056EB60 /* Assets.xcassets in Resources */ = {isa = PBXBuildFile; fileRef = B37BE1F0242667180056EB60 /* Assets.xcassets */; };
		B37BE1F4242667180056EB60 /* Preview Assets.xcassets in Resources */ = {isa = PBXBuildFile; fileRef = B37BE1F3242667180056EB60 /* Preview Assets.xcassets */; };
		B37BE1F7242667180056EB60 /* LaunchScreen.storyboard in Resources */ = {isa = PBXBuildFile; fileRef = B37BE1F5242667180056EB60 /* LaunchScreen.storyboard */; };
		B37BE1FF242674420056EB60 /* ViewController.swift in Sources */ = {isa = PBXBuildFile; fileRef = B37BE1FE242674420056EB60 /* ViewController.swift */; };
		B37BE203242678F20056EB60 /* CircleView.swift in Sources */ = {isa = PBXBuildFile; fileRef = B37BE202242678F20056EB60 /* CircleView.swift */; };
/* End PBXBuildFile section */

/* Begin PBXFileReference section */
		B37BE1E7242667160056EB60 /* ExperimentingIrregualCircles.app */ = {isa = PBXFileReference; explicitFileType = wrapper.application; includeInIndex = 0; path = ExperimentingIrregualCircles.app; sourceTree = BUILT_PRODUCTS_DIR; };
		B37BE1EA242667160056EB60 /* AppDelegate.swift */ = {isa = PBXFileReference; lastKnownFileType = sourcecode.swift; path = AppDelegate.swift; sourceTree = "<group>"; };
		B37BE1EC242667160056EB60 /* SceneDelegate.swift */ = {isa = PBXFileReference; lastKnownFileType = sourcecode.swift; path = SceneDelegate.swift; sourceTree = "<group>"; };
		B37BE1EE242667160056EB60 /* ContentView.swift */ = {isa = PBXFileReference; lastKnownFileType = sourcecode.swift; path = ContentView.swift; sourceTree = "<group>"; };
		B37BE1F0242667180056EB60 /* Assets.xcassets */ = {isa = PBXFileReference; lastKnownFileType = folder.assetcatalog; path = Assets.xcassets; sourceTree = "<group>"; };
		B37BE1F3242667180056EB60 /* Preview Assets.xcassets */ = {isa = PBXFileReference; lastKnownFileType = folder.assetcatalog; path = "Preview Assets.xcassets"; sourceTree = "<group>"; };
		B37BE1F6242667180056EB60 /* Base */ = {isa = PBXFileReference; lastKnownFileType = file.storyboard; name = Base; path = Base.lproj/LaunchScreen.storyboard; sourceTree = "<group>"; };
		B37BE1F8242667180056EB60 /* Info.plist */ = {isa = PBXFileReference; lastKnownFileType = text.plist.xml; path = Info.plist; sourceTree = "<group>"; };
		B37BE1FE242674420056EB60 /* ViewController.swift */ = {isa = PBXFileReference; lastKnownFileType = sourcecode.swift; path = ViewController.swift; sourceTree = "<group>"; };
		B37BE202242678F20056EB60 /* CircleView.swift */ = {isa = PBXFileReference; lastKnownFileType = sourcecode.swift; path = CircleView.swift; sourceTree = "<group>"; };
/* End PBXFileReference section */

/* Begin PBXFrameworksBuildPhase section */
		B37BE1E4242667160056EB60 /* Frameworks */ = {
			isa = PBXFrameworksBuildPhase;
			buildActionMask = 2147483647;
			files = (
			);
			runOnlyForDeploymentPostprocessing = 0;
		};
/* End PBXFrameworksBuildPhase section */

/* Begin PBXGroup section */
		B37BE1DE242667160056EB60 = {
			isa = PBXGroup;
			children = (
				B37BE1E9242667160056EB60 /* ExperimentingIrregualCircles */,
				B37BE1E8242667160056EB60 /* Products */,
			);
			sourceTree = "<group>";
		};
		B37BE1E8242667160056EB60 /* Products */ = {
			isa = PBXGroup;
			children = (
				B37BE1E7242667160056EB60 /* ExperimentingIrregualCircles.app */,
			);
			name = Products;
			sourceTree = "<group>";
		};
		B37BE1E9242667160056EB60 /* ExperimentingIrregualCircles */ = {
			isa = PBXGroup;
			children = (
				B37BE1EA242667160056EB60 /* AppDelegate.swift */,
				B37BE1EC242667160056EB60 /* SceneDelegate.swift */,
				B37BE1EE242667160056EB60 /* ContentView.swift */,
				B37BE1F0242667180056EB60 /* Assets.xcassets */,
				B37BE1F5242667180056EB60 /* LaunchScreen.storyboard */,
				B37BE1F8242667180056EB60 /* Info.plist */,
				B37BE1F2242667180056EB60 /* Preview Content */,
				B37BE1FE242674420056EB60 /* ViewController.swift */,
				B37BE202242678F20056EB60 /* CircleView.swift */,
			);
			path = ExperimentingIrregualCircles;
			sourceTree = "<group>";
		};
		B37BE1F2242667180056EB60 /* Preview Content */ = {
			isa = PBXGroup;
			children = (
				B37BE1F3242667180056EB60 /* Preview Assets.xcassets */,
			);
			path = "Preview Content";
			sourceTree = "<group>";
		};
/* End PBXGroup section */

/* Begin PBXNativeTarget section */
		B37BE1E6242667160056EB60 /* ExperimentingIrregualCircles */ = {
			isa = PBXNativeTarget;
			buildConfigurationList = B37BE1FB242667180056EB60 /* Build configuration list for PBXNativeTarget "ExperimentingIrregualCircles" */;
			buildPhases = (
				B37BE1E3242667160056EB60 /* Sources */,
				B37BE1E4242667160056EB60 /* Frameworks */,
				B37BE1E5242667160056EB60 /* Resources */,
			);
			buildRules = (
			);
			dependencies = (
			);
			name = ExperimentingIrregualCircles;
			productName = ExperimentingIrregualCircles;
			productReference = B37BE1E7242667160056EB60 /* ExperimentingIrregualCircles.app */;
			productType = "com.apple.product-type.application";
		};
/* End PBXNativeTarget section */

/* Begin PBXProject section */
		B37BE1DF242667160056EB60 /* Project object */ = {
			isa = PBXProject;
			attributes = {
				LastSwiftUpdateCheck = 1120;
				LastUpgradeCheck = 1120;
				ORGANIZATIONNAME = "Prashant Kumar";
				TargetAttributes = {
					B37BE1E6242667160056EB60 = {
						CreatedOnToolsVersion = 11.2.1;
					};
				};
			};
			buildConfigurationList = B37BE1E2242667160056EB60 /* Build configuration list for PBXProject "ExperimentingIrregualCircles" */;
			compatibilityVersion = "Xcode 9.3";
			developmentRegion = en;
			hasScannedForEncodings = 0;
			knownRegions = (
				en,
				Base,
			);
			mainGroup = B37BE1DE242667160056EB60;
			productRefGroup = B37BE1E8242667160056EB60 /* Products */;
			projectDirPath = "";
			projectRoot = "";
			targets = (
				B37BE1E6242667160056EB60 /* ExperimentingIrregualCircles */,
			);
		};
/* End PBXProject section */

/* Begin PBXResourcesBuildPhase section */
		B37BE1E5242667160056EB60 /* Resources */ = {
			isa = PBXResourcesBuildPhase;
			buildActionMask = 2147483647;
			files = (
				B37BE1F7242667180056EB60 /* LaunchScreen.storyboard in Resources */,
				B37BE1F4242667180056EB60 /* Preview Assets.xcassets in Resources */,
				B37BE1F1242667180056EB60 /* Assets.xcassets in Resources */,
			);
			runOnlyForDeploymentPostprocessing = 0;
		};
/* End PBXResourcesBuildPhase section */

/* Begin PBXSourcesBuildPhase section */
		B37BE1E3242667160056EB60 /* Sources */ = {
			isa = PBXSourcesBuildPhase;
			buildActionMask = 2147483647;
			files = (
				B37BE1EB242667160056EB60 /* AppDelegate.swift in Sources */,
				B37BE203242678F20056EB60 /* CircleView.swift in Sources */,
				B37BE1ED242667160056EB60 /* SceneDelegate.swift in Sources */,
				B37BE1FF242674420056EB60 /* ViewController.swift in Sources */,
				B37BE1EF242667160056EB60 /* ContentView.swift in Sources */,
			);
			runOnlyForDeploymentPostprocessing = 0;
		};
/* End PBXSourcesBuildPhase section */

/* Begin PBXVariantGroup section */
		B37BE1F5242667180056EB60 /* LaunchScreen.storyboard */ = {
			isa = PBXVariantGroup;
			children = (
				B37BE1F6242667180056EB60 /* Base */,
			);
			name = LaunchScreen.storyboard;
			sourceTree = "<group>";
		};
/* End PBXVariantGroup section */

/* Begin XCBuildConfiguration section */
		B37BE1F9242667180056EB60 /* Debug */ = {
			isa = XCBuildConfiguration;
			buildSettings = {
				ALWAYS_SEARCH_USER_PATHS = NO;
				CLANG_ANALYZER_NONNULL = YES;
				CLANG_ANALYZER_NUMBER_OBJECT_CONVERSION = YES_AGGRESSIVE;
				CLANG_CXX_LANGUAGE_STANDARD = "gnu++14";
				CLANG_CXX_LIBRARY = "libc++";
				CLANG_ENABLE_MODULES = YES;
				CLANG_ENABLE_OBJC_ARC = YES;
				CLANG_ENABLE_OBJC_WEAK = YES;
				CLANG_WARN_BLOCK_CAPTURE_AUTORELEASING = YES;
				CLANG_WARN_BOOL_CONVERSION = YES;
				CLANG_WARN_COMMA = YES;
				CLANG_WARN_CONSTANT_CONVERSION = YES;
				CLANG_WARN_DEPRECATED_OBJC_IMPLEMENTATIONS = YES;
				CLANG_WARN_DIRECT_OBJC_ISA_USAGE = YES_ERROR;
				CLANG_WARN_DOCUMENTATION_COMMENTS = YES;
				CLANG_WARN_EMPTY_BODY = YES;
				CLANG_WARN_ENUM_CONVERSION = YES;
				CLANG_WARN_INFINITE_RECURSION = YES;
				CLANG_WARN_INT_CONVERSION = YES;
				CLANG_WARN_NON_LITERAL_NULL_CONVERSION = YES;
				CLANG_WARN_OBJC_IMPLICIT_RETAIN_SELF = YES;
				CLANG_WARN_OBJC_LITERAL_CONVERSION = YES;
				CLANG_WARN_OBJC_ROOT_CLASS = YES_ERROR;
				CLANG_WARN_RANGE_LOOP_ANALYSIS = YES;
				CLANG_WARN_STRICT_PROTOTYPES = YES;
				CLANG_WARN_SUSPICIOUS_MOVE = YES;
				CLANG_WARN_UNGUARDED_AVAILABILITY = YES_AGGRESSIVE;
				CLANG_WARN_UNREACHABLE_CODE = YES;
				CLANG_WARN__DUPLICATE_METHOD_MATCH = YES;
				COPY_PHASE_STRIP = NO;
				DEBUG_INFORMATION_FORMAT = dwarf;
				ENABLE_STRICT_OBJC_MSGSEND = YES;
				ENABLE_TESTABILITY = YES;
				GCC_C_LANGUAGE_STANDARD = gnu11;
				GCC_DYNAMIC_NO_PIC = NO;
				GCC_NO_COMMON_BLOCKS = YES;
				GCC_OPTIMIZATION_LEVEL = 0;
				GCC_PREPROCESSOR_DEFINITIONS = (
					"DEBUG=1",
					"$(inherited)",
				);
				GCC_WARN_64_TO_32_BIT_CONVERSION = YES;
				GCC_WARN_ABOUT_RETURN_TYPE = YES_ERROR;
				GCC_WARN_UNDECLARED_SELECTOR = YES;
				GCC_WARN_UNINITIALIZED_AUTOS = YES_AGGRESSIVE;
				GCC_WARN_UNUSED_FUNCTION = YES;
				GCC_WARN_UNUSED_VARIABLE = YES;
				IPHONEOS_DEPLOYMENT_TARGET = 13.2;
				MTL_ENABLE_DEBUG_INFO = INCLUDE_SOURCE;
				MTL_FAST_MATH = YES;
				ONLY_ACTIVE_ARCH = YES;
				SDKROOT = iphoneos;
				SWIFT_ACTIVE_COMPILATION_CONDITIONS = DEBUG;
				SWIFT_OPTIMIZATION_LEVEL = "-Onone";
			};
			name = Debug;
		};
		B37BE1FA242667180056EB60 /* Release */ = {
			isa = XCBuildConfiguration;
			buildSettings = {
				ALWAYS_SEARCH_USER_PATHS = NO;
				CLANG_ANALYZER_NONNULL = YES;
				CLANG_ANALYZER_NUMBER_OBJECT_CONVERSION = YES_AGGRESSIVE;
				CLANG_CXX_LANGUAGE_STANDARD = "gnu++14";
				CLANG_CXX_LIBRARY = "libc++";
				CLANG_ENABLE_MODULES = YES;
				CLANG_ENABLE_OBJC_ARC = YES;
				CLANG_ENABLE_OBJC_WEAK = YES;
				CLANG_WARN_BLOCK_CAPTURE_AUTORELEASING = YES;
				CLANG_WARN_BOOL_CONVERSION = YES;
				CLANG_WARN_COMMA = YES;
				CLANG_WARN_CONSTANT_CONVERSION = YES;
				CLANG_WARN_DEPRECATED_OBJC_IMPLEMENTATIONS = YES;
				CLANG_WARN_DIRECT_OBJC_ISA_USAGE = YES_ERROR;
				CLANG_WARN_DOCUMENTATION_COMMENTS = YES;
				CLANG_WARN_EMPTY_BODY = YES;
				CLANG_WARN_ENUM_CONVERSION = YES;
				CLANG_WARN_INFINITE_RECURSION = YES;
				CLANG_WARN_INT_CONVERSION = YES;
				CLANG_WARN_NON_LITERAL_NULL_CONVERSION = YES;
				CLANG_WARN_OBJC_IMPLICIT_RETAIN_SELF = YES;
				CLANG_WARN_OBJC_LITERAL_CONVERSION = YES;
				CLANG_WARN_OBJC_ROOT_CLASS = YES_ERROR;
				CLANG_WARN_RANGE_LOOP_ANALYSIS = YES;
				CLANG_WARN_STRICT_PROTOTYPES = YES;
				CLANG_WARN_SUSPICIOUS_MOVE = YES;
				CLANG_WARN_UNGUARDED_AVAILABILITY = YES_AGGRESSIVE;
				CLANG_WARN_UNREACHABLE_CODE = YES;
				CLANG_WARN__DUPLICATE_METHOD_MATCH = YES;
				COPY_PHASE_STRIP = NO;
				DEBUG_INFORMATION_FORMAT = "dwarf-with-dsym";
				ENABLE_NS_ASSERTIONS = NO;
				ENABLE_STRICT_OBJC_MSGSEND = YES;
				GCC_C_LANGUAGE_STANDARD = gnu11;
				GCC_NO_COMMON_BLOCKS = YES;
				GCC_WARN_64_TO_32_BIT_CONVERSION = YES;
				GCC_WARN_ABOUT_RETURN_TYPE = YES_ERROR;
				GCC_WARN_UNDECLARED_SELECTOR = YES;
				GCC_WARN_UNINITIALIZED_AUTOS = YES_AGGRESSIVE;
				GCC_WARN_UNUSED_FUNCTION = YES;
				GCC_WARN_UNUSED_VARIABLE = YES;
				IPHONEOS_DEPLOYMENT_TARGET = 13.2;
				MTL_ENABLE_DEBUG_INFO = NO;
				MTL_FAST_MATH = YES;
				SDKROOT = iphoneos;
				SWIFT_COMPILATION_MODE = wholemodule;
				SWIFT_OPTIMIZATION_LEVEL = "-O";
				VALIDATE_PRODUCT = YES;
			};
			name = Release;
		};
		B37BE1FC242667180056EB60 /* Debug */ = {
			isa = XCBuildConfiguration;
			buildSettings = {
				ASSETCATALOG_COMPILER_APPICON_NAME = AppIcon;
				CODE_SIGN_STYLE = Automatic;
				DEVELOPMENT_ASSET_PATHS = "\"ExperimentingIrregualCircles/Preview Content\"";
				DEVELOPMENT_TEAM = 579LJUERE9;
				ENABLE_PREVIEWS = YES;
				INFOPLIST_FILE = ExperimentingIrregualCircles/Info.plist;
				LD_RUNPATH_SEARCH_PATHS = (
					"$(inherited)",
					"@executable_path/Frameworks",
				);
				PRODUCT_BUNDLE_IDENTIFIER = com.prashant.ExperimentingIrregualCircles;
				PRODUCT_NAME = "$(TARGET_NAME)";
				SWIFT_VERSION = 5.0;
				TARGETED_DEVICE_FAMILY = "1,2";
			};
			name = Debug;
		};
		B37BE1FD242667180056EB60 /* Release */ = {
			isa = XCBuildConfiguration;
			buildSettings = {
				ASSETCATALOG_COMPILER_APPICON_NAME = AppIcon;
				CODE_SIGN_STYLE = Automatic;
				DEVELOPMENT_ASSET_PATHS = "\"ExperimentingIrregualCircles/Preview Content\"";
				DEVELOPMENT_TEAM = 579LJUERE9;
				ENABLE_PREVIEWS = YES;
				INFOPLIST_FILE = ExperimentingIrregualCircles/Info.plist;
				LD_RUNPATH_SEARCH_PATHS = (
					"$(inherited)",
					"@executable_path/Frameworks",
				);
				PRODUCT_BUNDLE_IDENTIFIER = com.prashant.ExperimentingIrregualCircles;
				PRODUCT_NAME = "$(TARGET_NAME)";
				SWIFT_VERSION = 5.0;
				TARGETED_DEVICE_FAMILY = "1,2";
			};
			name = Release;
		};
/* End XCBuildConfiguration section */

/* Begin XCConfigurationList section */
		B37BE1E2242667160056EB60 /* Build configuration list for PBXProject "ExperimentingIrregualCircles" */ = {
			isa = XCConfigurationList;
			buildConfigurations = (
				B37BE1F9242667180056EB60 /* Debug */,
				B37BE1FA242667180056EB60 /* Release */,
			);
			defaultConfigurationIsVisible = 0;
			defaultConfigurationName = Release;
		};
		B37BE1FB242667180056EB60 /* Build configuration list for PBXNativeTarget "ExperimentingIrregualCircles" */ = {
			isa = XCConfigurationList;
			buildConfigurations = (
				B37BE1FC242667180056EB60 /* Debug */,
				B37BE1FD242667180056EB60 /* Release */,
			);
			defaultConfigurationIsVisible = 0;
			defaultConfigurationName = Release;
		};
/* End XCConfigurationList section */
	};
	rootObject = B37BE1DF242667160056EB60 /* Project object */;
}
